
Microsoft Visual Studio Solution File, Format Version 12.00
# Visual Studio Version 17
VisualStudioVersion = 17.9.34622.214
MinimumVisualStudioVersion = 10.0.40219.1
Project("{FAE04EC0-301F-11D3-BF4B-00C04F79EFBC}") = "LoadDWVenta.Data", "LoadDWVenta.Data\LoadDWVenta.Data.csproj", "{ABC16EC5-A5EF-4FAE-87AF-0D7F6AD90DA1}"
EndProject
Project("{FAE04EC0-301F-11D3-BF4B-00C04F79EFBC}") = "LoadDWVenta.WorkerService", "LoadDWVenta.WorkerService\LoadDWVenta.WorkerService.csproj", "{368DC6C6-08EB-4AA3-AD4B-4EAD69A66046}"
EndProject
Global
	GlobalSection(SolutionConfigurationPlatforms) = preSolution
		Debug|Any CPU = Debug|Any CPU
		Release|Any CPU = Release|Any CPU
	EndGlobalSection
	GlobalSection(ProjectConfigurationPlatforms) = postSolution
		{ABC16EC5-A5EF-4FAE-87AF-0D7F6AD90DA1}.Debug|Any CPU.ActiveCfg = Debug|Any CPU
		{ABC16EC5-A5EF-4FAE-87AF-0D7F6AD90DA1}.Debug|Any CPU.Build.0 = Debug|Any CPU
		{ABC16EC5-A5EF-4FAE-87AF-0D7F6AD90DA1}.Release|Any CPU.ActiveCfg = Release|Any CPU
		{ABC16EC5-A5EF-4FAE-87AF-0D7F6AD90DA1}.Release|Any CPU.Build.0 = Release|Any CPU
		{368DC6C6-08EB-4AA3-AD4B-4EAD69A66046}.Debug|Any CPU.ActiveCfg = Debug|Any CPU
		{368DC6C6-08EB-4AA3-AD4B-4EAD69A66046}.Debug|Any CPU.Build.0 = Debug|Any CPU
		{368DC6C6-08EB-4AA3-AD4B-4EAD69A66046}.Release|Any CPU.ActiveCfg = Release|Any CPU
		{368DC6C6-08EB-4AA3-AD4B-4EAD69A66046}.Release|Any CPU.Build.0 = Release|Any CPU
	EndGlobalSection
	GlobalSection(SolutionProperties) = preSolution
		HideSolutionNode = FALSE
	EndGlobalSection
	GlobalSection(ExtensibilityGlobals) = postSolution
		SolutionGuid = {1B3CAA82-77AE-415D-A71C-62A7A207FB10}
	EndGlobalSection
EndGlobal
